// !$*UTF8*$!
{
	archiveVersion = 1;
	classes = {
	};
	objectVersion = 46;
	objects = {

/* Begin PBXBuildFile section */
		84543D0B1A18BB4600D087EF /* AppDelegate.swift in Sources */ = {isa = PBXBuildFile; fileRef = 84543D0A1A18BB4600D087EF /* AppDelegate.swift */; };
		84543D0D1A18BB4600D087EF /* ViewController.swift in Sources */ = {isa = PBXBuildFile; fileRef = 84543D0C1A18BB4600D087EF /* ViewController.swift */; };
		84543D101A18BB4600D087EF /* Main.storyboard in Resources */ = {isa = PBXBuildFile; fileRef = 84543D0E1A18BB4600D087EF /* Main.storyboard */; };
		84543D121A18BB4600D087EF /* Images.xcassets in Resources */ = {isa = PBXBuildFile; fileRef = 84543D111A18BB4600D087EF /* Images.xcassets */; };
		84543D151A18BB4600D087EF /* LaunchScreen.xib in Resources */ = {isa = PBXBuildFile; fileRef = 84543D131A18BB4600D087EF /* LaunchScreen.xib */; };
		84543D211A18BB4600D087EF /* swift_exrcisesTests.swift in Sources */ = {isa = PBXBuildFile; fileRef = 84543D201A18BB4600D087EF /* swift_exrcisesTests.swift */; };
/* End PBXBuildFile section */

/* Begin PBXContainerItemProxy section */
		84543D1B1A18BB4600D087EF /* PBXContainerItemProxy */ = {
			isa = PBXContainerItemProxy;
			containerPortal = 84543CFD1A18BB4600D087EF /* Project object */;
			proxyType = 1;
			remoteGlobalIDString = 84543D041A18BB4600D087EF;
			remoteInfo = "swift-exrcises";
		};
/* End PBXContainerItemProxy section */

/* Begin PBXFileReference section */
		84543D051A18BB4600D087EF /* swift-exrcises.app */ = {isa = PBXFileReference; explicitFileType = wrapper.application; includeInIndex = 0; path = "swift-exrcises.app"; sourceTree = BUILT_PRODUCTS_DIR; };
		84543D091A18BB4600D087EF /* Info.plist */ = {isa = PBXFileReference; lastKnownFileType = text.plist.xml; path = Info.plist; sourceTree = "<group>"; };
		84543D0A1A18BB4600D087EF /* AppDelegate.swift */ = {isa = PBXFileReference; lastKnownFileType = sourcecode.swift; path = AppDelegate.swift; sourceTree = "<group>"; };
		84543D0C1A18BB4600D087EF /* ViewController.swift */ = {isa = PBXFileReference; lastKnownFileType = sourcecode.swift; path = ViewController.swift; sourceTree = "<group>"; };
		84543D0F1A18BB4600D087EF /* Base */ = {isa = PBXFileReference; lastKnownFileType = file.storyboard; name = Base; path = Base.lproj/Main.storyboard; sourceTree = "<group>"; };
		84543D111A18BB4600D087EF /* Images.xcassets */ = {isa = PBXFileReference; lastKnownFileType = folder.assetcatalog; path = Images.xcassets; sourceTree = "<group>"; };
		84543D141A18BB4600D087EF /* Base */ = {isa = PBXFileReference; lastKnownFileType = file.xib; name = Base; path = Base.lproj/LaunchScreen.xib; sourceTree = "<group>"; };
		84543D1A1A18BB4600D087EF /* swift-exrcisesTests.xctest */ = {isa = PBXFileReference; explicitFileType = wrapper.cfbundle; includeInIndex = 0; path = "swift-exrcisesTests.xctest"; sourceTree = BUILT_PRODUCTS_DIR; };
		84543D1F1A18BB4600D087EF /* Info.plist */ = {isa = PBXFileReference; lastKnownFileType = text.plist.xml; path = Info.plist; sourceTree = "<group>"; };
		84543D201A18BB4600D087EF /* swift_exrcisesTests.swift */ = {isa = PBXFileReference; lastKnownFileType = sourcecode.swift; path = swift_exrcisesTests.swift; sourceTree = "<group>"; };
/* End PBXFileReference section */

/* Begin PBXFrameworksBuildPhase section */
		84543D021A18BB4600D087EF /* Frameworks */ = {
			isa = PBXFrameworksBuildPhase;
			buildActionMask = 2147483647;
			files = (
			);
			runOnlyForDeploymentPostprocessing = 0;
		};
		84543D171A18BB4600D087EF /* Frameworks */ = {
			isa = PBXFrameworksBuildPhase;
			buildActionMask = 2147483647;
			files = (
			);
			runOnlyForDeploymentPostprocessing = 0;
		};
/* End PBXFrameworksBuildPhase section */

/* Begin PBXGroup section */
		84543CFC1A18BB4600D087EF = {
			isa = PBXGroup;
			children = (
				84543D071A18BB4600D087EF /* swift-exrcises */,
				84543D1D1A18BB4600D087EF /* swift-exrcisesTests */,
				84543D061A18BB4600D087EF /* Products */,
			);
			sourceTree = "<group>";
		};
		84543D061A18BB4600D087EF /* Products */ = {
			isa = PBXGroup;
			children = (
				84543D051A18BB4600D087EF /* swift-exrcises.app */,
				84543D1A1A18BB4600D087EF /* swift-exrcisesTests.xctest */,
			);
			name = Products;
			sourceTree = "<group>";
		};
		84543D071A18BB4600D087EF /* swift-exrcises */ = {
			isa = PBXGroup;
			children = (
				84543D0A1A18BB4600D087EF /* AppDelegate.swift */,
				84543D0C1A18BB4600D087EF /* ViewController.swift */,
				84543D0E1A18BB4600D087EF /* Main.storyboard */,
				84543D111A18BB4600D087EF /* Images.xcassets */,
				84543D131A18BB4600D087EF /* LaunchScreen.xib */,
				84543D081A18BB4600D087EF /* Supporting Files */,
			);
			path = "swift-exrcises";
			sourceTree = "<group>";
		};
		84543D081A18BB4600D087EF /* Supporting Files */ = {
			isa = PBXGroup;
			children = (
				84543D091A18BB4600D087EF /* Info.plist */,
			);
			name = "Supporting Files";
			sourceTree = "<group>";
		};
		84543D1D1A18BB4600D087EF /* swift-exrcisesTests */ = {
			isa = PBXGroup;
			children = (
				84543D201A18BB4600D087EF /* swift_exrcisesTests.swift */,
				84543D1E1A18BB4600D087EF /* Supporting Files */,
			);
			path = "swift-exrcisesTests";
			sourceTree = "<group>";
		};
		84543D1E1A18BB4600D087EF /* Supporting Files */ = {
			isa = PBXGroup;
			children = (
				84543D1F1A18BB4600D087EF /* Info.plist */,
			);
			name = "Supporting Files";
			sourceTree = "<group>";
		};
/* End PBXGroup section */

/* Begin PBXNativeTarget section */
		84543D041A18BB4600D087EF /* swift-exrcises */ = {
			isa = PBXNativeTarget;
			buildConfigurationList = 84543D241A18BB4600D087EF /* Build configuration list for PBXNativeTarget "swift-exrcises" */;
			buildPhases = (
				84543D011A18BB4600D087EF /* Sources */,
				84543D021A18BB4600D087EF /* Frameworks */,
				84543D031A18BB4600D087EF /* Resources */,
			);
			buildRules = (
			);
			dependencies = (
			);
			name = "swift-exrcises";
			productName = "swift-exrcises";
			productReference = 84543D051A18BB4600D087EF /* swift-exrcises.app */;
			productType = "com.apple.product-type.application";
		};
		84543D191A18BB4600D087EF /* swift-exrcisesTests */ = {
			isa = PBXNativeTarget;
			buildConfigurationList = 84543D271A18BB4600D087EF /* Build configuration list for PBXNativeTarget "swift-exrcisesTests" */;
			buildPhases = (
				84543D161A18BB4600D087EF /* Sources */,
				84543D171A18BB4600D087EF /* Frameworks */,
				84543D181A18BB4600D087EF /* Resources */,
			);
			buildRules = (
			);
			dependencies = (
				84543D1C1A18BB4600D087EF /* PBXTargetDependency */,
			);
			name = "swift-exrcisesTests";
			productName = "swift-exrcisesTests";
			productReference = 84543D1A1A18BB4600D087EF /* swift-exrcisesTests.xctest */;
			productType = "com.apple.product-type.bundle.unit-test";
		};
/* End PBXNativeTarget section */

/* Begin PBXProject section */
		84543CFD1A18BB4600D087EF /* Project object */ = {
			isa = PBXProject;
			attributes = {
				LastUpgradeCheck = 0600;
				ORGANIZATIONNAME = Massmaker;
				TargetAttributes = {
					84543D041A18BB4600D087EF = {
						CreatedOnToolsVersion = 6.0;
					};
					84543D191A18BB4600D087EF = {
						CreatedOnToolsVersion = 6.0;
						TestTargetID = 84543D041A18BB4600D087EF;
					};
				};
			};
			buildConfigurationList = 84543D001A18BB4600D087EF /* Build configuration list for PBXProject "swift-exrcises" */;
			compatibilityVersion = "Xcode 3.2";
			developmentRegion = English;
			hasScannedForEncodings = 0;
			knownRegions = (
				en,
				Base,
			);
			mainGroup = 84543CFC1A18BB4600D087EF;
			productRefGroup = 84543D061A18BB4600D087EF /* Products */;
			projectDirPath = "";
			projectRoot = "";
			targets = (
				84543D041A18BB4600D087EF /* swift-exrcises */,
				84543D191A18BB4600D087EF /* swift-exrcisesTests */,
			);
		};
/* End PBXProject section */

/* Begin PBXResourcesBuildPhase section */
		84543D031A18BB4600D087EF /* Resources */ = {
			isa = PBXResourcesBuildPhase;
			buildActionMask = 2147483647;
			files = (
				84543D101A18BB4600D087EF /* Main.storyboard in Resources */,
				84543D151A18BB4600D087EF /* LaunchScreen.xib in Resources */,
				84543D121A18BB4600D087EF /* Images.xcassets in Resources */,
			);
			runOnlyForDeploymentPostprocessing = 0;
		};
		84543D181A18BB4600D087EF /* Resources */ = {
			isa = PBXResourcesBuildPhase;
			buildActionMask = 2147483647;
			files = (
			);
			runOnlyForDeploymentPostprocessing = 0;
		};
/* End PBXResourcesBuildPhase section */

/* Begin PBXSourcesBuildPhase section */
		84543D011A18BB4600D087EF /* Sources */ = {
			isa = PBXSourcesBuildPhase;
			buildActionMask = 2147483647;
			files = (
				84543D0D1A18BB4600D087EF /* ViewController.swift in Sources */,
				84543D0B1A18BB4600D087EF /* AppDelegate.swift in Sources */,
			);
			runOnlyForDeploymentPostprocessing = 0;
		};
		84543D161A18BB4600D087EF /* Sources */ = {
			isa = PBXSourcesBuildPhase;
			buildActionMask = 2147483647;
			files = (
				84543D211A18BB4600D087EF /* swift_exrcisesTests.swift in Sources */,
			);
			runOnlyForDeploymentPostprocessing = 0;
		};
/* End PBXSourcesBuildPhase section */

/* Begin PBXTargetDependency section */
		84543D1C1A18BB4600D087EF /* PBXTargetDependency */ = {
			isa = PBXTargetDependency;
			target = 84543D041A18BB4600D087EF /* swift-exrcises */;
			targetProxy = 84543D1B1A18BB4600D087EF /* PBXContainerItemProxy */;
		};
/* End PBXTargetDependency section */

/* Begin PBXVariantGroup section */
		84543D0E1A18BB4600D087EF /* Main.storyboard */ = {
			isa = PBXVariantGroup;
			children = (
				84543D0F1A18BB4600D087EF /* Base */,
			);
			name = Main.storyboard;
			sourceTree = "<group>";
		};
		84543D131A18BB4600D087EF /* LaunchScreen.xib */ = {
			isa = PBXVariantGroup;
			children = (
				84543D141A18BB4600D087EF /* Base */,
			);
			name = LaunchScreen.xib;
			sourceTree = "<group>";
		};
/* End PBXVariantGroup section */

/* Begin XCBuildConfiguration section */
		84543D221A18BB4600D087EF /* Debug */ = {
			isa = XCBuildConfiguration;
			buildSettings = {
				ALWAYS_SEARCH_USER_PATHS = NO;
				CLANG_CXX_LANGUAGE_STANDARD = "gnu++0x";
				CLANG_CXX_LIBRARY = "libc++";
				CLANG_ENABLE_MODULES = YES;
				CLANG_ENABLE_OBJC_ARC = YES;
				CLANG_WARN_BOOL_CONVERSION = YES;
				CLANG_WARN_CONSTANT_CONVERSION = YES;
				CLANG_WARN_DIRECT_OBJC_ISA_USAGE = YES_ERROR;
				CLANG_WARN_EMPTY_BODY = YES;
				CLANG_WARN_ENUM_CONVERSION = YES;
				CLANG_WARN_INT_CONVERSION = YES;
				CLANG_WARN_OBJC_ROOT_CLASS = YES_ERROR;
				CLANG_WARN_UNREACHABLE_CODE = YES;
				CLANG_WARN__DUPLICATE_METHOD_MATCH = YES;
				"CODE_SIGN_IDENTITY[sdk=iphoneos*]" = "iPhone Developer";
				COPY_PHASE_STRIP = NO;
				ENABLE_STRICT_OBJC_MSGSEND = YES;
				GCC_C_LANGUAGE_STANDARD = gnu99;
				GCC_DYNAMIC_NO_PIC = NO;
				GCC_OPTIMIZATION_LEVEL = 0;
				GCC_PREPROCESSOR_DEFINITIONS = (
					"DEBUG=1",
					"$(inherited)",
				);
				GCC_SYMBOLS_PRIVATE_EXTERN = NO;
				GCC_WARN_64_TO_32_BIT_CONVERSION = YES;
				GCC_WARN_ABOUT_RETURN_TYPE = YES_ERROR;
				GCC_WARN_UNDECLARED_SELECTOR = YES;
				GCC_WARN_UNINITIALIZED_AUTOS = YES_AGGRESSIVE;
				GCC_WARN_UNUSED_FUNCTION = YES;
				GCC_WARN_UNUSED_VARIABLE = YES;
				IPHONEOS_DEPLOYMENT_TARGET = 8.0;
				MTL_ENABLE_DEBUG_INFO = YES;
				ONLY_ACTIVE_ARCH = YES;
				SDKROOT = iphoneos;
				SWIFT_OPTIMIZATION_LEVEL = "-Onone";
			};
			name = Debug;
		};
		84543D231A18BB4600D087EF /* Release */ = {
			isa = XCBuildConfiguration;
			buildSettings = {
				ALWAYS_SEARCH_USER_PATHS = NO;
				CLANG_CXX_LANGUAGE_STANDARD = "gnu++0x";
				CLANG_CXX_LIBRARY = "libc++";
				CLANG_ENABLE_MODULES = YES;
				CLANG_ENABLE_OBJC_ARC = YES;
				CLANG_WARN_BOOL_CONVERSION = YES;
				CLANG_WARN_CONSTANT_CONVERSION = YES;
				CLANG_WARN_DIRECT_OBJC_ISA_USAGE = YES_ERROR;
				CLANG_WARN_EMPTY_BODY = YES;
				CLANG_WARN_ENUM_CONVERSION = YES;
				CLANG_WARN_INT_CONVERSION = YES;
				CLANG_WARN_OBJC_ROOT_CLASS = YES_ERROR;
				CLANG_WARN_UNREACHABLE_CODE = YES;
				CLANG_WARN__DUPLICATE_METHOD_MATCH = YES;
				"CODE_SIGN_IDENTITY[sdk=iphoneos*]" = "iPhone Developer";
				COPY_PHASE_STRIP = YES;
				ENABLE_NS_ASSERTIONS = NO;
				ENABLE_STRICT_OBJC_MSGSEND = YES;
				GCC_C_LANGUAGE_STANDARD = gnu99;
				GCC_WARN_64_TO_32_BIT_CONVERSION = YES;
				GCC_WARN_ABOUT_RETURN_TYPE = YES_ERROR;
				GCC_WARN_UNDECLARED_SELECTOR = YES;
				GCC_WARN_UNINITIALIZED_AUTOS = YES_AGGRESSIVE;
				GCC_WARN_UNUSED_FUNCTION = YES;
				GCC_WARN_UNUSED_VARIABLE = YES;
				IPHONEOS_DEPLOYMENT_TARGET = 8.0;
				MTL_ENABLE_DEBUG_INFO = NO;
				SDKROOT = iphoneos;
				VALIDATE_PRODUCT = YES;
			};
			name = Release;
		};
		84543D251A18BB4600D087EF /* Debug */ = {
			isa = XCBuildConfiguration;
			buildSettings = {
				ASSETCATALOG_COMPILER_APPICON_NAME = AppIcon;
				INFOPLIST_FILE = "swift-exrcises/Info.plist";
				LD_RUNPATH_SEARCH_PATHS = "$(inherited) @executable_path/Frameworks";
				PRODUCT_NAME = "$(TARGET_NAME)";
			};
			name = Debug;
		};
		84543D261A18BB4600D087EF /* Release */ = {
			isa = XCBuildConfiguration;
			buildSettings = {
				ASSETCATALOG_COMPILER_APPICON_NAME = AppIcon;
				INFOPLIST_FILE = "swift-exrcises/Info.plist";
				LD_RUNPATH_SEARCH_PATHS = "$(inherited) @executable_path/Frameworks";
				PRODUCT_NAME = "$(TARGET_NAME)";
			};
			name = Release;
		};
		84543D281A18BB4600D087EF /* Debug */ = {
			isa = XCBuildConfiguration;
			buildSettings = {
				BUNDLE_LOADER = "$(TEST_HOST)";
				FRAMEWORK_SEARCH_PATHS = (
					"$(SDKROOT)/Developer/Library/Frameworks",
					"$(inherited)",
				);
				GCC_PREPROCESSOR_DEFINITIONS = (
					"DEBUG=1",
					"$(inherited)",
				);
				INFOPLIST_FILE = "swift-exrcisesTests/Info.plist";
				LD_RUNPATH_SEARCH_PATHS = "$(inherited) @executable_path/Frameworks @loader_path/Frameworks";
				PRODUCT_NAME = "$(TARGET_NAME)";
				TEST_HOST = "$(BUILT_PRODUCTS_DIR)/swift-exrcises.app/swift-exrcises";
			};
			name = Debug;
		};
		84543D291A18BB4600D087EF /* Release */ = {
			isa = XCBuildConfiguration;
			buildSettings = {
				BUNDLE_LOADER = "$(TEST_HOST)";
				FRAMEWORK_SEARCH_PATHS = (
					"$(SDKROOT)/Developer/Library/Frameworks",
					"$(inherited)",
				);
				INFOPLIST_FILE = "swift-exrcisesTests/Info.plist";
				LD_RUNPATH_SEARCH_PATHS = "$(inherited) @executable_path/Frameworks @loader_path/Frameworks";
				PRODUCT_NAME = "$(TARGET_NAME)";
				TEST_HOST = "$(BUILT_PRODUCTS_DIR)/swift-exrcises.app/swift-exrcises";
			};
			name = Release;
		};
/* End XCBuildConfiguration section */

/* Begin XCConfigurationList section */
		84543D001A18BB4600D087EF /* Build configuration list for PBXProject "swift-exrcises" */ = {
			isa = XCConfigurationList;
			buildConfigurations = (
				84543D221A18BB4600D087EF /* Debug */,
				84543D231A18BB4600D087EF /* Release */,
			);
			defaultConfigurationIsVisible = 0;
			defaultConfigurationName = Release;
		};
		84543D241A18BB4600D087EF /* Build configuration list for PBXNativeTarget "swift-exrcises" */ = {
			isa = XCConfigurationList;
			buildConfigurations = (
				84543D251A18BB4600D087EF /* Debug */,
				84543D261A18BB4600D087EF /* Release */,
			);
			defaultConfigurationIsVisible = 0;
		};
		84543D271A18BB4600D087EF /* Build configuration list for PBXNativeTarget "swift-exrcisesTests" */ = {
			isa = XCConfigurationList;
			buildConfigurations = (
				84543D281A18BB4600D087EF /* Debug */,
				84543D291A18BB4600D087EF /* Release */,
			);
			defaultConfigurationIsVisible = 0;
		};
/* End XCConfigurationList section */
	};
	rootObject = 84543CFD1A18BB4600D087EF /* Project object */;
}
